
Microsoft Visual Studio Solution File, Format Version 12.00
# Visual Studio Version 17
VisualStudioVersion = 17.5.33530.505
MinimumVisualStudioVersion = 10.0.40219.1
Project("{FAE04EC0-301F-11D3-BF4B-00C04F79EFBC}") = "ConsoleApp50", "ConsoleApp50\ConsoleApp50.csproj", "{80F88B95-6DA5-4F68-8A8B-E0D6FF908C74}"
EndProject
Global
	GlobalSection(SolutionConfigurationPlatforms) = preSolution
		Debug|Any CPU = Debug|Any CPU
		Release|Any CPU = Release|Any CPU
	EndGlobalSection
	GlobalSection(ProjectConfigurationPlatforms) = postSolution
		{80F88B95-6DA5-4F68-8A8B-E0D6FF908C74}.Debug|Any CPU.ActiveCfg = Debug|Any CPU
		{80F88B95-6DA5-4F68-8A8B-E0D6FF908C74}.Debug|Any CPU.Build.0 = Debug|Any CPU
		{80F88B95-6DA5-4F68-8A8B-E0D6FF908C74}.Release|Any CPU.ActiveCfg = Release|Any CPU
		{80F88B95-6DA5-4F68-8A8B-E0D6FF908C74}.Release|Any CPU.Build.0 = Release|Any CPU
	EndGlobalSection
	GlobalSection(SolutionProperties) = preSolution
		HideSolutionNode = FALSE
	EndGlobalSection
	GlobalSection(ExtensibilityGlobals) = postSolution
		SolutionGuid = {D4FC9C58-EBC0-4ADD-AEDC-D5D416D6BFC0}
	EndGlobalSection
EndGlobal
